
Microsoft Visual Studio Solution File, Format Version 12.00
# Visual Studio Version 16
VisualStudioVersion = 16.0.30320.27
MinimumVisualStudioVersion = 10.0.40219.1
Project("{2150E333-8FDC-42A3-9474-1A3956D46DE8}") = "Lesson", "Lesson", "{90774D20-BD78-40CA-8468-82BBCB032C09}"
EndProject
Project("{FAE04EC0-301F-11D3-BF4B-00C04F79EFBC}") = "ComplexityExamp", "Lesson\ComplexityExamp\ComplexityExamp.csproj", "{A0A8D217-F8BE-4981-A5E3-C38B3F104D17}"
EndProject
Project("{FAE04EC0-301F-11D3-BF4B-00C04F79EFBC}") = "SortsExamp", "Lesson\SortsExamp\SortsExamp.csproj", "{6575D5A4-6F98-4247-90E9-E1120DB02685}"
EndProject
Project("{FAE04EC0-301F-11D3-BF4B-00C04F79EFBC}") = "RecursionExamp", "Lesson\RecursionExamp\RecursionExamp.csproj", "{712EFD97-6DF1-47D8-BE8E-C5EF8D4CFD77}"
EndProject
Project("{2150E333-8FDC-42A3-9474-1A3956D46DE8}") = "HomeWork", "HomeWork", "{63D78E45-3043-4AF5-ABA3-A2BCF79ADB47}"
EndProject
Project("{FAE04EC0-301F-11D3-BF4B-00C04F79EFBC}") = "RecursionExercises", "HomeWork\RecursionExercises\RecursionExercises.csproj", "{BC00B169-C3E7-45EA-AD1E-D32E18D47772}"
EndProject
Project("{FAE04EC0-301F-11D3-BF4B-00C04F79EFBC}") = "LinkedListsExamp", "Lesson\LinkedListsExamp\LinkedListsExamp.csproj", "{020849E8-C627-48FF-808E-57E199CCE340}"
EndProject
Project("{FAE04EC0-301F-11D3-BF4B-00C04F79EFBC}") = "StackExamp", "Lesson\StackExamp\StackExamp.csproj", "{5EE0AE64-5784-4DB3-B57F-329A2EA72601}"
EndProject
Project("{FAE04EC0-301F-11D3-BF4B-00C04F79EFBC}") = "QueueExamp", "Lesson\QueueExamp\QueueExamp.csproj", "{87D1173C-2D56-4B89-95C7-9E32CE32DA85}"
EndProject
Project("{FAE04EC0-301F-11D3-BF4B-00C04F79EFBC}") = "BinarySearchTreeExamp", "Lesson\BinarySearchTreeExamp\BinarySearchTreeExamp.csproj", "{A2B54324-976E-4EAC-9B46-80E1C247007F}"
EndProject
Project("{FAE04EC0-301F-11D3-BF4B-00C04F79EFBC}") = "HashTableExamp", "HashTableExamp\HashTableExamp.csproj", "{A8921A08-DA1F-4731-AA0E-CBC3037F07D7}"
EndProject
Project("{FAE04EC0-301F-11D3-BF4B-00C04F79EFBC}") = "DoubleHashingAssigment", "HomeWork\DoubleHashingAssigment\DoubleHashingAssigment.csproj", "{F023487B-3DAE-451D-BB9C-2A97DB11C48B}"
EndProject
Project("{FAE04EC0-301F-11D3-BF4B-00C04F79EFBC}") = "QueueAssigment", "HomeWork\QueueAssigment\QueueAssigment.csproj", "{4664C2D4-A3EC-4131-B9D2-17FFCFBEBD15}"
EndProject
Global
	GlobalSection(SolutionConfigurationPlatforms) = preSolution
		Debug|Any CPU = Debug|Any CPU
		Debug|ARM = Debug|ARM
		Debug|ARM64 = Debug|ARM64
		Debug|x64 = Debug|x64
		Debug|x86 = Debug|x86
		Release|Any CPU = Release|Any CPU
		Release|ARM = Release|ARM
		Release|ARM64 = Release|ARM64
		Release|x64 = Release|x64
		Release|x86 = Release|x86
	EndGlobalSection
	GlobalSection(ProjectConfigurationPlatforms) = postSolution
		{A0A8D217-F8BE-4981-A5E3-C38B3F104D17}.Debug|Any CPU.ActiveCfg = Debug|Any CPU
		{A0A8D217-F8BE-4981-A5E3-C38B3F104D17}.Debug|Any CPU.Build.0 = Debug|Any CPU
		{A0A8D217-F8BE-4981-A5E3-C38B3F104D17}.Debug|ARM.ActiveCfg = Debug|Any CPU
		{A0A8D217-F8BE-4981-A5E3-C38B3F104D17}.Debug|ARM.Build.0 = Debug|Any CPU
		{A0A8D217-F8BE-4981-A5E3-C38B3F104D17}.Debug|ARM64.ActiveCfg = Debug|Any CPU
		{A0A8D217-F8BE-4981-A5E3-C38B3F104D17}.Debug|ARM64.Build.0 = Debug|Any CPU
		{A0A8D217-F8BE-4981-A5E3-C38B3F104D17}.Debug|x64.ActiveCfg = Debug|Any CPU
		{A0A8D217-F8BE-4981-A5E3-C38B3F104D17}.Debug|x64.Build.0 = Debug|Any CPU
		{A0A8D217-F8BE-4981-A5E3-C38B3F104D17}.Debug|x86.ActiveCfg = Debug|Any CPU
		{A0A8D217-F8BE-4981-A5E3-C38B3F104D17}.Debug|x86.Build.0 = Debug|Any CPU
		{A0A8D217-F8BE-4981-A5E3-C38B3F104D17}.Release|Any CPU.ActiveCfg = Release|Any CPU
		{A0A8D217-F8BE-4981-A5E3-C38B3F104D17}.Release|Any CPU.Build.0 = Release|Any CPU
		{A0A8D217-F8BE-4981-A5E3-C38B3F104D17}.Release|ARM.ActiveCfg = Release|Any CPU
		{A0A8D217-F8BE-4981-A5E3-C38B3F104D17}.Release|ARM.Build.0 = Release|Any CPU
		{A0A8D217-F8BE-4981-A5E3-C38B3F104D17}.Release|ARM64.ActiveCfg = Release|Any CPU
		{A0A8D217-F8BE-4981-A5E3-C38B3F104D17}.Release|ARM64.Build.0 = Release|Any CPU
		{A0A8D217-F8BE-4981-A5E3-C38B3F104D17}.Release|x64.ActiveCfg = Release|Any CPU
		{A0A8D217-F8BE-4981-A5E3-C38B3F104D17}.Release|x64.Build.0 = Release|Any CPU
		{A0A8D217-F8BE-4981-A5E3-C38B3F104D17}.Release|x86.ActiveCfg = Release|Any CPU
		{A0A8D217-F8BE-4981-A5E3-C38B3F104D17}.Release|x86.Build.0 = Release|Any CPU
		{6575D5A4-6F98-4247-90E9-E1120DB02685}.Debug|Any CPU.ActiveCfg = Debug|Any CPU
		{6575D5A4-6F98-4247-90E9-E1120DB02685}.Debug|Any CPU.Build.0 = Debug|Any CPU
		{6575D5A4-6F98-4247-90E9-E1120DB02685}.Debug|ARM.ActiveCfg = Debug|Any CPU
		{6575D5A4-6F98-4247-90E9-E1120DB02685}.Debug|ARM.Build.0 = Debug|Any CPU
		{6575D5A4-6F98-4247-90E9-E1120DB02685}.Debug|ARM64.ActiveCfg = Debug|Any CPU
		{6575D5A4-6F98-4247-90E9-E1120DB02685}.Debug|ARM64.Build.0 = Debug|Any CPU
		{6575D5A4-6F98-4247-90E9-E1120DB02685}.Debug|x64.ActiveCfg = Debug|Any CPU
		{6575D5A4-6F98-4247-90E9-E1120DB02685}.Debug|x64.Build.0 = Debug|Any CPU
		{6575D5A4-6F98-4247-90E9-E1120DB02685}.Debug|x86.ActiveCfg = Debug|Any CPU
		{6575D5A4-6F98-4247-90E9-E1120DB02685}.Debug|x86.Build.0 = Debug|Any CPU
		{6575D5A4-6F98-4247-90E9-E1120DB02685}.Release|Any CPU.ActiveCfg = Release|Any CPU
		{6575D5A4-6F98-4247-90E9-E1120DB02685}.Release|Any CPU.Build.0 = Release|Any CPU
		{6575D5A4-6F98-4247-90E9-E1120DB02685}.Release|ARM.ActiveCfg = Release|Any CPU
		{6575D5A4-6F98-4247-90E9-E1120DB02685}.Release|ARM.Build.0 = Release|Any CPU
		{6575D5A4-6F98-4247-90E9-E1120DB02685}.Release|ARM64.ActiveCfg = Release|Any CPU
		{6575D5A4-6F98-4247-90E9-E1120DB02685}.Release|ARM64.Build.0 = Release|Any CPU
		{6575D5A4-6F98-4247-90E9-E1120DB02685}.Release|x64.ActiveCfg = Release|Any CPU
		{6575D5A4-6F98-4247-90E9-E1120DB02685}.Release|x64.Build.0 = Release|Any CPU
		{6575D5A4-6F98-4247-90E9-E1120DB02685}.Release|x86.ActiveCfg = Release|Any CPU
		{6575D5A4-6F98-4247-90E9-E1120DB02685}.Release|x86.Build.0 = Release|Any CPU
		{712EFD97-6DF1-47D8-BE8E-C5EF8D4CFD77}.Debug|Any CPU.ActiveCfg = Debug|Any CPU
		{712EFD97-6DF1-47D8-BE8E-C5EF8D4CFD77}.Debug|Any CPU.Build.0 = Debug|Any CPU
		{712EFD97-6DF1-47D8-BE8E-C5EF8D4CFD77}.Debug|ARM.ActiveCfg = Debug|Any CPU
		{712EFD97-6DF1-47D8-BE8E-C5EF8D4CFD77}.Debug|ARM.Build.0 = Debug|Any CPU
		{712EFD97-6DF1-47D8-BE8E-C5EF8D4CFD77}.Debug|ARM64.ActiveCfg = Debug|Any CPU
		{712EFD97-6DF1-47D8-BE8E-C5EF8D4CFD77}.Debug|ARM64.Build.0 = Debug|Any CPU
		{712EFD97-6DF1-47D8-BE8E-C5EF8D4CFD77}.Debug|x64.ActiveCfg = Debug|Any CPU
		{712EFD97-6DF1-47D8-BE8E-C5EF8D4CFD77}.Debug|x64.Build.0 = Debug|Any CPU
		{712EFD97-6DF1-47D8-BE8E-C5EF8D4CFD77}.Debug|x86.ActiveCfg = Debug|Any CPU
		{712EFD97-6DF1-47D8-BE8E-C5EF8D4CFD77}.Debug|x86.Build.0 = Debug|Any CPU
		{712EFD97-6DF1-47D8-BE8E-C5EF8D4CFD77}.Release|Any CPU.ActiveCfg = Release|Any CPU
		{712EFD97-6DF1-47D8-BE8E-C5EF8D4CFD77}.Release|Any CPU.Build.0 = Release|Any CPU
		{712EFD97-6DF1-47D8-BE8E-C5EF8D4CFD77}.Release|ARM.ActiveCfg = Release|Any CPU
		{712EFD97-6DF1-47D8-BE8E-C5EF8D4CFD77}.Release|ARM.Build.0 = Release|Any CPU
		{712EFD97-6DF1-47D8-BE8E-C5EF8D4CFD77}.Release|ARM64.ActiveCfg = Release|Any CPU
		{712EFD97-6DF1-47D8-BE8E-C5EF8D4CFD77}.Release|ARM64.Build.0 = Release|Any CPU
		{712EFD97-6DF1-47D8-BE8E-C5EF8D4CFD77}.Release|x64.ActiveCfg = Release|Any CPU
		{712EFD97-6DF1-47D8-BE8E-C5EF8D4CFD77}.Release|x64.Build.0 = Release|Any CPU
		{712EFD97-6DF1-47D8-BE8E-C5EF8D4CFD77}.Release|x86.ActiveCfg = Release|Any CPU
		{712EFD97-6DF1-47D8-BE8E-C5EF8D4CFD77}.Release|x86.Build.0 = Release|Any CPU
		{BC00B169-C3E7-45EA-AD1E-D32E18D47772}.Debug|Any CPU.ActiveCfg = Debug|Any CPU
		{BC00B169-C3E7-45EA-AD1E-D32E18D47772}.Debug|Any CPU.Build.0 = Debug|Any CPU
		{BC00B169-C3E7-45EA-AD1E-D32E18D47772}.Debug|ARM.ActiveCfg = Debug|Any CPU
		{BC00B169-C3E7-45EA-AD1E-D32E18D47772}.Debug|ARM.Build.0 = Debug|Any CPU
		{BC00B169-C3E7-45EA-AD1E-D32E18D47772}.Debug|ARM64.ActiveCfg = Debug|Any CPU
		{BC00B169-C3E7-45EA-AD1E-D32E18D47772}.Debug|ARM64.Build.0 = Debug|Any CPU
		{BC00B169-C3E7-45EA-AD1E-D32E18D47772}.Debug|x64.ActiveCfg = Debug|Any CPU
		{BC00B169-C3E7-45EA-AD1E-D32E18D47772}.Debug|x64.Build.0 = Debug|Any CPU
		{BC00B169-C3E7-45EA-AD1E-D32E18D47772}.Debug|x86.ActiveCfg = Debug|Any CPU
		{BC00B169-C3E7-45EA-AD1E-D32E18D47772}.Debug|x86.Build.0 = Debug|Any CPU
		{BC00B169-C3E7-45EA-AD1E-D32E18D47772}.Release|Any CPU.ActiveCfg = Release|Any CPU
		{BC00B169-C3E7-45EA-AD1E-D32E18D47772}.Release|Any CPU.Build.0 = Release|Any CPU
		{BC00B169-C3E7-45EA-AD1E-D32E18D47772}.Release|ARM.ActiveCfg = Release|Any CPU
		{BC00B169-C3E7-45EA-AD1E-D32E18D47772}.Release|ARM.Build.0 = Release|Any CPU
		{BC00B169-C3E7-45EA-AD1E-D32E18D47772}.Release|ARM64.ActiveCfg = Release|Any CPU
		{BC00B169-C3E7-45EA-AD1E-D32E18D47772}.Release|ARM64.Build.0 = Release|Any CPU
		{BC00B169-C3E7-45EA-AD1E-D32E18D47772}.Release|x64.ActiveCfg = Release|Any CPU
		{BC00B169-C3E7-45EA-AD1E-D32E18D47772}.Release|x64.Build.0 = Release|Any CPU
		{BC00B169-C3E7-45EA-AD1E-D32E18D47772}.Release|x86.ActiveCfg = Release|Any CPU
		{BC00B169-C3E7-45EA-AD1E-D32E18D47772}.Release|x86.Build.0 = Release|Any CPU
		{020849E8-C627-48FF-808E-57E199CCE340}.Debug|Any CPU.ActiveCfg = Debug|Any CPU
		{020849E8-C627-48FF-808E-57E199CCE340}.Debug|Any CPU.Build.0 = Debug|Any CPU
		{020849E8-C627-48FF-808E-57E199CCE340}.Debug|ARM.ActiveCfg = Debug|Any CPU
		{020849E8-C627-48FF-808E-57E199CCE340}.Debug|ARM.Build.0 = Debug|Any CPU
		{020849E8-C627-48FF-808E-57E199CCE340}.Debug|ARM64.ActiveCfg = Debug|Any CPU
		{020849E8-C627-48FF-808E-57E199CCE340}.Debug|ARM64.Build.0 = Debug|Any CPU
		{020849E8-C627-48FF-808E-57E199CCE340}.Debug|x64.ActiveCfg = Debug|Any CPU
		{020849E8-C627-48FF-808E-57E199CCE340}.Debug|x64.Build.0 = Debug|Any CPU
		{020849E8-C627-48FF-808E-57E199CCE340}.Debug|x86.ActiveCfg = Debug|Any CPU
		{020849E8-C627-48FF-808E-57E199CCE340}.Debug|x86.Build.0 = Debug|Any CPU
		{020849E8-C627-48FF-808E-57E199CCE340}.Release|Any CPU.ActiveCfg = Release|Any CPU
		{020849E8-C627-48FF-808E-57E199CCE340}.Release|Any CPU.Build.0 = Release|Any CPU
		{020849E8-C627-48FF-808E-57E199CCE340}.Release|ARM.ActiveCfg = Release|Any CPU
		{020849E8-C627-48FF-808E-57E199CCE340}.Release|ARM.Build.0 = Release|Any CPU
		{020849E8-C627-48FF-808E-57E199CCE340}.Release|ARM64.ActiveCfg = Release|Any CPU
		{020849E8-C627-48FF-808E-57E199CCE340}.Release|ARM64.Build.0 = Release|Any CPU
		{020849E8-C627-48FF-808E-57E199CCE340}.Release|x64.ActiveCfg = Release|Any CPU
		{020849E8-C627-48FF-808E-57E199CCE340}.Release|x64.Build.0 = Release|Any CPU
		{020849E8-C627-48FF-808E-57E199CCE340}.Release|x86.ActiveCfg = Release|Any CPU
		{020849E8-C627-48FF-808E-57E199CCE340}.Release|x86.Build.0 = Release|Any CPU
		{5EE0AE64-5784-4DB3-B57F-329A2EA72601}.Debug|Any CPU.ActiveCfg = Debug|Any CPU
		{5EE0AE64-5784-4DB3-B57F-329A2EA72601}.Debug|Any CPU.Build.0 = Debug|Any CPU
		{5EE0AE64-5784-4DB3-B57F-329A2EA72601}.Debug|ARM.ActiveCfg = Debug|Any CPU
		{5EE0AE64-5784-4DB3-B57F-329A2EA72601}.Debug|ARM.Build.0 = Debug|Any CPU
		{5EE0AE64-5784-4DB3-B57F-329A2EA72601}.Debug|ARM64.ActiveCfg = Debug|Any CPU
		{5EE0AE64-5784-4DB3-B57F-329A2EA72601}.Debug|ARM64.Build.0 = Debug|Any CPU
		{5EE0AE64-5784-4DB3-B57F-329A2EA72601}.Debug|x64.ActiveCfg = Debug|Any CPU
		{5EE0AE64-5784-4DB3-B57F-329A2EA72601}.Debug|x64.Build.0 = Debug|Any CPU
		{5EE0AE64-5784-4DB3-B57F-329A2EA72601}.Debug|x86.ActiveCfg = Debug|Any CPU
		{5EE0AE64-5784-4DB3-B57F-329A2EA72601}.Debug|x86.Build.0 = Debug|Any CPU
		{5EE0AE64-5784-4DB3-B57F-329A2EA72601}.Release|Any CPU.ActiveCfg = Release|Any CPU
		{5EE0AE64-5784-4DB3-B57F-329A2EA72601}.Release|Any CPU.Build.0 = Release|Any CPU
		{5EE0AE64-5784-4DB3-B57F-329A2EA72601}.Release|ARM.ActiveCfg = Release|Any CPU
		{5EE0AE64-5784-4DB3-B57F-329A2EA72601}.Release|ARM.Build.0 = Release|Any CPU
		{5EE0AE64-5784-4DB3-B57F-329A2EA72601}.Release|ARM64.ActiveCfg = Release|Any CPU
		{5EE0AE64-5784-4DB3-B57F-329A2EA72601}.Release|ARM64.Build.0 = Release|Any CPU
		{5EE0AE64-5784-4DB3-B57F-329A2EA72601}.Release|x64.ActiveCfg = Release|Any CPU
		{5EE0AE64-5784-4DB3-B57F-329A2EA72601}.Release|x64.Build.0 = Release|Any CPU
		{5EE0AE64-5784-4DB3-B57F-329A2EA72601}.Release|x86.ActiveCfg = Release|Any CPU
		{5EE0AE64-5784-4DB3-B57F-329A2EA72601}.Release|x86.Build.0 = Release|Any CPU
		{87D1173C-2D56-4B89-95C7-9E32CE32DA85}.Debug|Any CPU.ActiveCfg = Debug|Any CPU
		{87D1173C-2D56-4B89-95C7-9E32CE32DA85}.Debug|Any CPU.Build.0 = Debug|Any CPU
		{87D1173C-2D56-4B89-95C7-9E32CE32DA85}.Debug|ARM.ActiveCfg = Debug|Any CPU
		{87D1173C-2D56-4B89-95C7-9E32CE32DA85}.Debug|ARM.Build.0 = Debug|Any CPU
		{87D1173C-2D56-4B89-95C7-9E32CE32DA85}.Debug|ARM64.ActiveCfg = Debug|Any CPU
		{87D1173C-2D56-4B89-95C7-9E32CE32DA85}.Debug|ARM64.Build.0 = Debug|Any CPU
		{87D1173C-2D56-4B89-95C7-9E32CE32DA85}.Debug|x64.ActiveCfg = Debug|Any CPU
		{87D1173C-2D56-4B89-95C7-9E32CE32DA85}.Debug|x64.Build.0 = Debug|Any CPU
		{87D1173C-2D56-4B89-95C7-9E32CE32DA85}.Debug|x86.ActiveCfg = Debug|Any CPU
		{87D1173C-2D56-4B89-95C7-9E32CE32DA85}.Debug|x86.Build.0 = Debug|Any CPU
		{87D1173C-2D56-4B89-95C7-9E32CE32DA85}.Release|Any CPU.ActiveCfg = Release|Any CPU
		{87D1173C-2D56-4B89-95C7-9E32CE32DA85}.Release|Any CPU.Build.0 = Release|Any CPU
		{87D1173C-2D56-4B89-95C7-9E32CE32DA85}.Release|ARM.ActiveCfg = Release|Any CPU
		{87D1173C-2D56-4B89-95C7-9E32CE32DA85}.Release|ARM.Build.0 = Release|Any CPU
		{87D1173C-2D56-4B89-95C7-9E32CE32DA85}.Release|ARM64.ActiveCfg = Release|Any CPU
		{87D1173C-2D56-4B89-95C7-9E32CE32DA85}.Release|ARM64.Build.0 = Release|Any CPU
		{87D1173C-2D56-4B89-95C7-9E32CE32DA85}.Release|x64.ActiveCfg = Release|Any CPU
		{87D1173C-2D56-4B89-95C7-9E32CE32DA85}.Release|x64.Build.0 = Release|Any CPU
		{87D1173C-2D56-4B89-95C7-9E32CE32DA85}.Release|x86.ActiveCfg = Release|Any CPU
		{87D1173C-2D56-4B89-95C7-9E32CE32DA85}.Release|x86.Build.0 = Release|Any CPU
		{A2B54324-976E-4EAC-9B46-80E1C247007F}.Debug|Any CPU.ActiveCfg = Debug|Any CPU
		{A2B54324-976E-4EAC-9B46-80E1C247007F}.Debug|Any CPU.Build.0 = Debug|Any CPU
		{A2B54324-976E-4EAC-9B46-80E1C247007F}.Debug|ARM.ActiveCfg = Debug|Any CPU
		{A2B54324-976E-4EAC-9B46-80E1C247007F}.Debug|ARM.Build.0 = Debug|Any CPU
		{A2B54324-976E-4EAC-9B46-80E1C247007F}.Debug|ARM64.ActiveCfg = Debug|Any CPU
		{A2B54324-976E-4EAC-9B46-80E1C247007F}.Debug|ARM64.Build.0 = Debug|Any CPU
		{A2B54324-976E-4EAC-9B46-80E1C247007F}.Debug|x64.ActiveCfg = Debug|Any CPU
		{A2B54324-976E-4EAC-9B46-80E1C247007F}.Debug|x64.Build.0 = Debug|Any CPU
		{A2B54324-976E-4EAC-9B46-80E1C247007F}.Debug|x86.ActiveCfg = Debug|Any CPU
		{A2B54324-976E-4EAC-9B46-80E1C247007F}.Debug|x86.Build.0 = Debug|Any CPU
		{A2B54324-976E-4EAC-9B46-80E1C247007F}.Release|Any CPU.ActiveCfg = Release|Any CPU
		{A2B54324-976E-4EAC-9B46-80E1C247007F}.Release|Any CPU.Build.0 = Release|Any CPU
		{A2B54324-976E-4EAC-9B46-80E1C247007F}.Release|ARM.ActiveCfg = Release|Any CPU
		{A2B54324-976E-4EAC-9B46-80E1C247007F}.Release|ARM.Build.0 = Release|Any CPU
		{A2B54324-976E-4EAC-9B46-80E1C247007F}.Release|ARM64.ActiveCfg = Release|Any CPU
		{A2B54324-976E-4EAC-9B46-80E1C247007F}.Release|ARM64.Build.0 = Release|Any CPU
		{A2B54324-976E-4EAC-9B46-80E1C247007F}.Release|x64.ActiveCfg = Release|Any CPU
		{A2B54324-976E-4EAC-9B46-80E1C247007F}.Release|x64.Build.0 = Release|Any CPU
		{A2B54324-976E-4EAC-9B46-80E1C247007F}.Release|x86.ActiveCfg = Release|Any CPU
		{A2B54324-976E-4EAC-9B46-80E1C247007F}.Release|x86.Build.0 = Release|Any CPU
		{A8921A08-DA1F-4731-AA0E-CBC3037F07D7}.Debug|Any CPU.ActiveCfg = Debug|Any CPU
		{A8921A08-DA1F-4731-AA0E-CBC3037F07D7}.Debug|Any CPU.Build.0 = Debug|Any CPU
		{A8921A08-DA1F-4731-AA0E-CBC3037F07D7}.Debug|ARM.ActiveCfg = Debug|Any CPU
		{A8921A08-DA1F-4731-AA0E-CBC3037F07D7}.Debug|ARM.Build.0 = Debug|Any CPU
		{A8921A08-DA1F-4731-AA0E-CBC3037F07D7}.Debug|ARM64.ActiveCfg = Debug|Any CPU
		{A8921A08-DA1F-4731-AA0E-CBC3037F07D7}.Debug|ARM64.Build.0 = Debug|Any CPU
		{A8921A08-DA1F-4731-AA0E-CBC3037F07D7}.Debug|x64.ActiveCfg = Debug|Any CPU
		{A8921A08-DA1F-4731-AA0E-CBC3037F07D7}.Debug|x64.Build.0 = Debug|Any CPU
		{A8921A08-DA1F-4731-AA0E-CBC3037F07D7}.Debug|x86.ActiveCfg = Debug|Any CPU
		{A8921A08-DA1F-4731-AA0E-CBC3037F07D7}.Debug|x86.Build.0 = Debug|Any CPU
		{A8921A08-DA1F-4731-AA0E-CBC3037F07D7}.Release|Any CPU.ActiveCfg = Release|Any CPU
		{A8921A08-DA1F-4731-AA0E-CBC3037F07D7}.Release|Any CPU.Build.0 = Release|Any CPU
		{A8921A08-DA1F-4731-AA0E-CBC3037F07D7}.Release|ARM.ActiveCfg = Release|Any CPU
		{A8921A08-DA1F-4731-AA0E-CBC3037F07D7}.Release|ARM.Build.0 = Release|Any CPU
		{A8921A08-DA1F-4731-AA0E-CBC3037F07D7}.Release|ARM64.ActiveCfg = Release|Any CPU
		{A8921A08-DA1F-4731-AA0E-CBC3037F07D7}.Release|ARM64.Build.0 = Release|Any CPU
		{A8921A08-DA1F-4731-AA0E-CBC3037F07D7}.Release|x64.ActiveCfg = Release|Any CPU
		{A8921A08-DA1F-4731-AA0E-CBC3037F07D7}.Release|x64.Build.0 = Release|Any CPU
		{A8921A08-DA1F-4731-AA0E-CBC3037F07D7}.Release|x86.ActiveCfg = Release|Any CPU
		{A8921A08-DA1F-4731-AA0E-CBC3037F07D7}.Release|x86.Build.0 = Release|Any CPU
		{F023487B-3DAE-451D-BB9C-2A97DB11C48B}.Debug|Any CPU.ActiveCfg = Debug|Any CPU
		{F023487B-3DAE-451D-BB9C-2A97DB11C48B}.Debug|Any CPU.Build.0 = Debug|Any CPU
		{F023487B-3DAE-451D-BB9C-2A97DB11C48B}.Debug|ARM.ActiveCfg = Debug|Any CPU
		{F023487B-3DAE-451D-BB9C-2A97DB11C48B}.Debug|ARM.Build.0 = Debug|Any CPU
		{F023487B-3DAE-451D-BB9C-2A97DB11C48B}.Debug|ARM64.ActiveCfg = Debug|Any CPU
		{F023487B-3DAE-451D-BB9C-2A97DB11C48B}.Debug|ARM64.Build.0 = Debug|Any CPU
		{F023487B-3DAE-451D-BB9C-2A97DB11C48B}.Debug|x64.ActiveCfg = Debug|Any CPU
		{F023487B-3DAE-451D-BB9C-2A97DB11C48B}.Debug|x64.Build.0 = Debug|Any CPU
		{F023487B-3DAE-451D-BB9C-2A97DB11C48B}.Debug|x86.ActiveCfg = Debug|Any CPU
		{F023487B-3DAE-451D-BB9C-2A97DB11C48B}.Debug|x86.Build.0 = Debug|Any CPU
		{F023487B-3DAE-451D-BB9C-2A97DB11C48B}.Release|Any CPU.ActiveCfg = Release|Any CPU
		{F023487B-3DAE-451D-BB9C-2A97DB11C48B}.Release|Any CPU.Build.0 = Release|Any CPU
		{F023487B-3DAE-451D-BB9C-2A97DB11C48B}.Release|ARM.ActiveCfg = Release|Any CPU
		{F023487B-3DAE-451D-BB9C-2A97DB11C48B}.Release|ARM.Build.0 = Release|Any CPU
		{F023487B-3DAE-451D-BB9C-2A97DB11C48B}.Release|ARM64.ActiveCfg = Release|Any CPU
		{F023487B-3DAE-451D-BB9C-2A97DB11C48B}.Release|ARM64.Build.0 = Release|Any CPU
		{F023487B-3DAE-451D-BB9C-2A97DB11C48B}.Release|x64.ActiveCfg = Release|Any CPU
		{F023487B-3DAE-451D-BB9C-2A97DB11C48B}.Release|x64.Build.0 = Release|Any CPU
		{F023487B-3DAE-451D-BB9C-2A97DB11C48B}.Release|x86.ActiveCfg = Release|Any CPU
		{F023487B-3DAE-451D-BB9C-2A97DB11C48B}.Release|x86.Build.0 = Release|Any CPU
		{4664C2D4-A3EC-4131-B9D2-17FFCFBEBD15}.Debug|Any CPU.ActiveCfg = Debug|Any CPU
		{4664C2D4-A3EC-4131-B9D2-17FFCFBEBD15}.Debug|Any CPU.Build.0 = Debug|Any CPU
		{4664C2D4-A3EC-4131-B9D2-17FFCFBEBD15}.Debug|ARM.ActiveCfg = Debug|Any CPU
		{4664C2D4-A3EC-4131-B9D2-17FFCFBEBD15}.Debug|ARM.Build.0 = Debug|Any CPU
		{4664C2D4-A3EC-4131-B9D2-17FFCFBEBD15}.Debug|ARM64.ActiveCfg = Debug|Any CPU
		{4664C2D4-A3EC-4131-B9D2-17FFCFBEBD15}.Debug|ARM64.Build.0 = Debug|Any CPU
		{4664C2D4-A3EC-4131-B9D2-17FFCFBEBD15}.Debug|x64.ActiveCfg = Debug|Any CPU
		{4664C2D4-A3EC-4131-B9D2-17FFCFBEBD15}.Debug|x64.Build.0 = Debug|Any CPU
		{4664C2D4-A3EC-4131-B9D2-17FFCFBEBD15}.Debug|x86.ActiveCfg = Debug|Any CPU
		{4664C2D4-A3EC-4131-B9D2-17FFCFBEBD15}.Debug|x86.Build.0 = Debug|Any CPU
		{4664C2D4-A3EC-4131-B9D2-17FFCFBEBD15}.Release|Any CPU.ActiveCfg = Release|Any CPU
		{4664C2D4-A3EC-4131-B9D2-17FFCFBEBD15}.Release|Any CPU.Build.0 = Release|Any CPU
		{4664C2D4-A3EC-4131-B9D2-17FFCFBEBD15}.Release|ARM.ActiveCfg = Release|Any CPU
		{4664C2D4-A3EC-4131-B9D2-17FFCFBEBD15}.Release|ARM.Build.0 = Release|Any CPU
		{4664C2D4-A3EC-4131-B9D2-17FFCFBEBD15}.Release|ARM64.ActiveCfg = Release|Any CPU
		{4664C2D4-A3EC-4131-B9D2-17FFCFBEBD15}.Release|ARM64.Build.0 = Release|Any CPU
		{4664C2D4-A3EC-4131-B9D2-17FFCFBEBD15}.Release|x64.ActiveCfg = Release|Any CPU
		{4664C2D4-A3EC-4131-B9D2-17FFCFBEBD15}.Release|x64.Build.0 = Release|Any CPU
		{4664C2D4-A3EC-4131-B9D2-17FFCFBEBD15}.Release|x86.ActiveCfg = Release|Any CPU
		{4664C2D4-A3EC-4131-B9D2-17FFCFBEBD15}.Release|x86.Build.0 = Release|Any CPU
	EndGlobalSection
	GlobalSection(SolutionProperties) = preSolution
		HideSolutionNode = FALSE
	EndGlobalSection
	GlobalSection(NestedProjects) = preSolution
		{A0A8D217-F8BE-4981-A5E3-C38B3F104D17} = {90774D20-BD78-40CA-8468-82BBCB032C09}
		{6575D5A4-6F98-4247-90E9-E1120DB02685} = {90774D20-BD78-40CA-8468-82BBCB032C09}
		{712EFD97-6DF1-47D8-BE8E-C5EF8D4CFD77} = {90774D20-BD78-40CA-8468-82BBCB032C09}
		{BC00B169-C3E7-45EA-AD1E-D32E18D47772} = {63D78E45-3043-4AF5-ABA3-A2BCF79ADB47}
		{020849E8-C627-48FF-808E-57E199CCE340} = {90774D20-BD78-40CA-8468-82BBCB032C09}
		{5EE0AE64-5784-4DB3-B57F-329A2EA72601} = {90774D20-BD78-40CA-8468-82BBCB032C09}
		{87D1173C-2D56-4B89-95C7-9E32CE32DA85} = {90774D20-BD78-40CA-8468-82BBCB032C09}
		{A2B54324-976E-4EAC-9B46-80E1C247007F} = {90774D20-BD78-40CA-8468-82BBCB032C09}
		{A8921A08-DA1F-4731-AA0E-CBC3037F07D7} = {90774D20-BD78-40CA-8468-82BBCB032C09}
		{F023487B-3DAE-451D-BB9C-2A97DB11C48B} = {63D78E45-3043-4AF5-ABA3-A2BCF79ADB47}
		{4664C2D4-A3EC-4131-B9D2-17FFCFBEBD15} = {63D78E45-3043-4AF5-ABA3-A2BCF79ADB47}
	EndGlobalSection
	GlobalSection(ExtensibilityGlobals) = postSolution
		SolutionGuid = {E4C3B6F8-70E1-41A4-8754-771E37806A5C}
	EndGlobalSection
EndGlobal
