
Microsoft Visual Studio Solution File, Format Version 12.00
# Visual Studio Version 16
VisualStudioVersion = 16.0.30320.27
MinimumVisualStudioVersion = 10.0.40219.1
Project("{2150E333-8FDC-42A3-9474-1A3956D46DE8}") = "Lesson", "Lesson", "{90774D20-BD78-40CA-8468-82BBCB032C09}"
EndProject
Project("{FAE04EC0-301F-11D3-BF4B-00C04F79EFBC}") = "ComplexityExamp", "Lesson\ComplexityExamp\ComplexityExamp.csproj", "{A0A8D217-F8BE-4981-A5E3-C38B3F104D17}"
EndProject
Project("{FAE04EC0-301F-11D3-BF4B-00C04F79EFBC}") = "SortsExamp", "Lesson\SortsExamp\SortsExamp.csproj", "{6575D5A4-6F98-4247-90E9-E1120DB02685}"
EndProject
Project("{FAE04EC0-301F-11D3-BF4B-00C04F79EFBC}") = "RecursionExamp", "Lesson\RecursionExamp\RecursionExamp.csproj", "{712EFD97-6DF1-47D8-BE8E-C5EF8D4CFD77}"
EndProject
Project("{2150E333-8FDC-42A3-9474-1A3956D46DE8}") = "HomeWork", "HomeWork", "{63D78E45-3043-4AF5-ABA3-A2BCF79ADB47}"
EndProject
Project("{FAE04EC0-301F-11D3-BF4B-00C04F79EFBC}") = "RecursionExercises", "HomeWork\RecursionExercises\RecursionExercises.csproj", "{BC00B169-C3E7-45EA-AD1E-D32E18D47772}"
EndProject
Project("{FAE04EC0-301F-11D3-BF4B-00C04F79EFBC}") = "Visualizer.UWP", "Visualizer.UWP\Visualizer.UWP.csproj", "{3BE77C82-6E76-4F87-B49D-9634F9D642A7}"
EndProject
Global
	GlobalSection(SolutionConfigurationPlatforms) = preSolution
		Debug|Any CPU = Debug|Any CPU
		Debug|ARM = Debug|ARM
		Debug|ARM64 = Debug|ARM64
		Debug|x64 = Debug|x64
		Debug|x86 = Debug|x86
		Release|Any CPU = Release|Any CPU
		Release|ARM = Release|ARM
		Release|ARM64 = Release|ARM64
		Release|x64 = Release|x64
		Release|x86 = Release|x86
	EndGlobalSection
	GlobalSection(ProjectConfigurationPlatforms) = postSolution
		{A0A8D217-F8BE-4981-A5E3-C38B3F104D17}.Debug|Any CPU.ActiveCfg = Debug|Any CPU
		{A0A8D217-F8BE-4981-A5E3-C38B3F104D17}.Debug|Any CPU.Build.0 = Debug|Any CPU
		{A0A8D217-F8BE-4981-A5E3-C38B3F104D17}.Debug|ARM.ActiveCfg = Debug|Any CPU
		{A0A8D217-F8BE-4981-A5E3-C38B3F104D17}.Debug|ARM.Build.0 = Debug|Any CPU
		{A0A8D217-F8BE-4981-A5E3-C38B3F104D17}.Debug|ARM64.ActiveCfg = Debug|Any CPU
		{A0A8D217-F8BE-4981-A5E3-C38B3F104D17}.Debug|ARM64.Build.0 = Debug|Any CPU
		{A0A8D217-F8BE-4981-A5E3-C38B3F104D17}.Debug|x64.ActiveCfg = Debug|Any CPU
		{A0A8D217-F8BE-4981-A5E3-C38B3F104D17}.Debug|x64.Build.0 = Debug|Any CPU
		{A0A8D217-F8BE-4981-A5E3-C38B3F104D17}.Debug|x86.ActiveCfg = Debug|Any CPU
		{A0A8D217-F8BE-4981-A5E3-C38B3F104D17}.Debug|x86.Build.0 = Debug|Any CPU
		{A0A8D217-F8BE-4981-A5E3-C38B3F104D17}.Release|Any CPU.ActiveCfg = Release|Any CPU
		{A0A8D217-F8BE-4981-A5E3-C38B3F104D17}.Release|Any CPU.Build.0 = Release|Any CPU
		{A0A8D217-F8BE-4981-A5E3-C38B3F104D17}.Release|ARM.ActiveCfg = Release|Any CPU
		{A0A8D217-F8BE-4981-A5E3-C38B3F104D17}.Release|ARM.Build.0 = Release|Any CPU
		{A0A8D217-F8BE-4981-A5E3-C38B3F104D17}.Release|ARM64.ActiveCfg = Release|Any CPU
		{A0A8D217-F8BE-4981-A5E3-C38B3F104D17}.Release|ARM64.Build.0 = Release|Any CPU
		{A0A8D217-F8BE-4981-A5E3-C38B3F104D17}.Release|x64.ActiveCfg = Release|Any CPU
		{A0A8D217-F8BE-4981-A5E3-C38B3F104D17}.Release|x64.Build.0 = Release|Any CPU
		{A0A8D217-F8BE-4981-A5E3-C38B3F104D17}.Release|x86.ActiveCfg = Release|Any CPU
		{A0A8D217-F8BE-4981-A5E3-C38B3F104D17}.Release|x86.Build.0 = Release|Any CPU
		{6575D5A4-6F98-4247-90E9-E1120DB02685}.Debug|Any CPU.ActiveCfg = Debug|Any CPU
		{6575D5A4-6F98-4247-90E9-E1120DB02685}.Debug|Any CPU.Build.0 = Debug|Any CPU
		{6575D5A4-6F98-4247-90E9-E1120DB02685}.Debug|ARM.ActiveCfg = Debug|Any CPU
		{6575D5A4-6F98-4247-90E9-E1120DB02685}.Debug|ARM.Build.0 = Debug|Any CPU
		{6575D5A4-6F98-4247-90E9-E1120DB02685}.Debug|ARM64.ActiveCfg = Debug|Any CPU
		{6575D5A4-6F98-4247-90E9-E1120DB02685}.Debug|ARM64.Build.0 = Debug|Any CPU
		{6575D5A4-6F98-4247-90E9-E1120DB02685}.Debug|x64.ActiveCfg = Debug|Any CPU
		{6575D5A4-6F98-4247-90E9-E1120DB02685}.Debug|x64.Build.0 = Debug|Any CPU
		{6575D5A4-6F98-4247-90E9-E1120DB02685}.Debug|x86.ActiveCfg = Debug|Any CPU
		{6575D5A4-6F98-4247-90E9-E1120DB02685}.Debug|x86.Build.0 = Debug|Any CPU
		{6575D5A4-6F98-4247-90E9-E1120DB02685}.Release|Any CPU.ActiveCfg = Release|Any CPU
		{6575D5A4-6F98-4247-90E9-E1120DB02685}.Release|Any CPU.Build.0 = Release|Any CPU
		{6575D5A4-6F98-4247-90E9-E1120DB02685}.Release|ARM.ActiveCfg = Release|Any CPU
		{6575D5A4-6F98-4247-90E9-E1120DB02685}.Release|ARM.Build.0 = Release|Any CPU
		{6575D5A4-6F98-4247-90E9-E1120DB02685}.Release|ARM64.ActiveCfg = Release|Any CPU
		{6575D5A4-6F98-4247-90E9-E1120DB02685}.Release|ARM64.Build.0 = Release|Any CPU
		{6575D5A4-6F98-4247-90E9-E1120DB02685}.Release|x64.ActiveCfg = Release|Any CPU
		{6575D5A4-6F98-4247-90E9-E1120DB02685}.Release|x64.Build.0 = Release|Any CPU
		{6575D5A4-6F98-4247-90E9-E1120DB02685}.Release|x86.ActiveCfg = Release|Any CPU
		{6575D5A4-6F98-4247-90E9-E1120DB02685}.Release|x86.Build.0 = Release|Any CPU
		{712EFD97-6DF1-47D8-BE8E-C5EF8D4CFD77}.Debug|Any CPU.ActiveCfg = Debug|Any CPU
		{712EFD97-6DF1-47D8-BE8E-C5EF8D4CFD77}.Debug|Any CPU.Build.0 = Debug|Any CPU
		{712EFD97-6DF1-47D8-BE8E-C5EF8D4CFD77}.Debug|ARM.ActiveCfg = Debug|Any CPU
		{712EFD97-6DF1-47D8-BE8E-C5EF8D4CFD77}.Debug|ARM.Build.0 = Debug|Any CPU
		{712EFD97-6DF1-47D8-BE8E-C5EF8D4CFD77}.Debug|ARM64.ActiveCfg = Debug|Any CPU
		{712EFD97-6DF1-47D8-BE8E-C5EF8D4CFD77}.Debug|ARM64.Build.0 = Debug|Any CPU
		{712EFD97-6DF1-47D8-BE8E-C5EF8D4CFD77}.Debug|x64.ActiveCfg = Debug|Any CPU
		{712EFD97-6DF1-47D8-BE8E-C5EF8D4CFD77}.Debug|x64.Build.0 = Debug|Any CPU
		{712EFD97-6DF1-47D8-BE8E-C5EF8D4CFD77}.Debug|x86.ActiveCfg = Debug|Any CPU
		{712EFD97-6DF1-47D8-BE8E-C5EF8D4CFD77}.Debug|x86.Build.0 = Debug|Any CPU
		{712EFD97-6DF1-47D8-BE8E-C5EF8D4CFD77}.Release|Any CPU.ActiveCfg = Release|Any CPU
		{712EFD97-6DF1-47D8-BE8E-C5EF8D4CFD77}.Release|Any CPU.Build.0 = Release|Any CPU
		{712EFD97-6DF1-47D8-BE8E-C5EF8D4CFD77}.Release|ARM.ActiveCfg = Release|Any CPU
		{712EFD97-6DF1-47D8-BE8E-C5EF8D4CFD77}.Release|ARM.Build.0 = Release|Any CPU
		{712EFD97-6DF1-47D8-BE8E-C5EF8D4CFD77}.Release|ARM64.ActiveCfg = Release|Any CPU
		{712EFD97-6DF1-47D8-BE8E-C5EF8D4CFD77}.Release|ARM64.Build.0 = Release|Any CPU
		{712EFD97-6DF1-47D8-BE8E-C5EF8D4CFD77}.Release|x64.ActiveCfg = Release|Any CPU
		{712EFD97-6DF1-47D8-BE8E-C5EF8D4CFD77}.Release|x64.Build.0 = Release|Any CPU
		{712EFD97-6DF1-47D8-BE8E-C5EF8D4CFD77}.Release|x86.ActiveCfg = Release|Any CPU
		{712EFD97-6DF1-47D8-BE8E-C5EF8D4CFD77}.Release|x86.Build.0 = Release|Any CPU
		{BC00B169-C3E7-45EA-AD1E-D32E18D47772}.Debug|Any CPU.ActiveCfg = Debug|Any CPU
		{BC00B169-C3E7-45EA-AD1E-D32E18D47772}.Debug|Any CPU.Build.0 = Debug|Any CPU
		{BC00B169-C3E7-45EA-AD1E-D32E18D47772}.Debug|ARM.ActiveCfg = Debug|Any CPU
		{BC00B169-C3E7-45EA-AD1E-D32E18D47772}.Debug|ARM.Build.0 = Debug|Any CPU
		{BC00B169-C3E7-45EA-AD1E-D32E18D47772}.Debug|ARM64.ActiveCfg = Debug|Any CPU
		{BC00B169-C3E7-45EA-AD1E-D32E18D47772}.Debug|ARM64.Build.0 = Debug|Any CPU
		{BC00B169-C3E7-45EA-AD1E-D32E18D47772}.Debug|x64.ActiveCfg = Debug|Any CPU
		{BC00B169-C3E7-45EA-AD1E-D32E18D47772}.Debug|x64.Build.0 = Debug|Any CPU
		{BC00B169-C3E7-45EA-AD1E-D32E18D47772}.Debug|x86.ActiveCfg = Debug|Any CPU
		{BC00B169-C3E7-45EA-AD1E-D32E18D47772}.Debug|x86.Build.0 = Debug|Any CPU
		{BC00B169-C3E7-45EA-AD1E-D32E18D47772}.Release|Any CPU.ActiveCfg = Release|Any CPU
		{BC00B169-C3E7-45EA-AD1E-D32E18D47772}.Release|Any CPU.Build.0 = Release|Any CPU
		{BC00B169-C3E7-45EA-AD1E-D32E18D47772}.Release|ARM.ActiveCfg = Release|Any CPU
		{BC00B169-C3E7-45EA-AD1E-D32E18D47772}.Release|ARM.Build.0 = Release|Any CPU
		{BC00B169-C3E7-45EA-AD1E-D32E18D47772}.Release|ARM64.ActiveCfg = Release|Any CPU
		{BC00B169-C3E7-45EA-AD1E-D32E18D47772}.Release|ARM64.Build.0 = Release|Any CPU
		{BC00B169-C3E7-45EA-AD1E-D32E18D47772}.Release|x64.ActiveCfg = Release|Any CPU
		{BC00B169-C3E7-45EA-AD1E-D32E18D47772}.Release|x64.Build.0 = Release|Any CPU
		{BC00B169-C3E7-45EA-AD1E-D32E18D47772}.Release|x86.ActiveCfg = Release|Any CPU
		{BC00B169-C3E7-45EA-AD1E-D32E18D47772}.Release|x86.Build.0 = Release|Any CPU
		{3BE77C82-6E76-4F87-B49D-9634F9D642A7}.Debug|Any CPU.ActiveCfg = Debug|x86
		{3BE77C82-6E76-4F87-B49D-9634F9D642A7}.Debug|ARM.ActiveCfg = Debug|ARM
		{3BE77C82-6E76-4F87-B49D-9634F9D642A7}.Debug|ARM.Build.0 = Debug|ARM
		{3BE77C82-6E76-4F87-B49D-9634F9D642A7}.Debug|ARM.Deploy.0 = Debug|ARM
		{3BE77C82-6E76-4F87-B49D-9634F9D642A7}.Debug|ARM64.ActiveCfg = Debug|ARM64
		{3BE77C82-6E76-4F87-B49D-9634F9D642A7}.Debug|ARM64.Build.0 = Debug|ARM64
		{3BE77C82-6E76-4F87-B49D-9634F9D642A7}.Debug|ARM64.Deploy.0 = Debug|ARM64
		{3BE77C82-6E76-4F87-B49D-9634F9D642A7}.Debug|x64.ActiveCfg = Debug|x64
		{3BE77C82-6E76-4F87-B49D-9634F9D642A7}.Debug|x64.Build.0 = Debug|x64
		{3BE77C82-6E76-4F87-B49D-9634F9D642A7}.Debug|x64.Deploy.0 = Debug|x64
		{3BE77C82-6E76-4F87-B49D-9634F9D642A7}.Debug|x86.ActiveCfg = Debug|x86
		{3BE77C82-6E76-4F87-B49D-9634F9D642A7}.Debug|x86.Build.0 = Debug|x86
		{3BE77C82-6E76-4F87-B49D-9634F9D642A7}.Debug|x86.Deploy.0 = Debug|x86
		{3BE77C82-6E76-4F87-B49D-9634F9D642A7}.Release|Any CPU.ActiveCfg = Release|x86
		{3BE77C82-6E76-4F87-B49D-9634F9D642A7}.Release|ARM.ActiveCfg = Release|ARM
		{3BE77C82-6E76-4F87-B49D-9634F9D642A7}.Release|ARM.Build.0 = Release|ARM
		{3BE77C82-6E76-4F87-B49D-9634F9D642A7}.Release|ARM.Deploy.0 = Release|ARM
		{3BE77C82-6E76-4F87-B49D-9634F9D642A7}.Release|ARM64.ActiveCfg = Release|ARM64
		{3BE77C82-6E76-4F87-B49D-9634F9D642A7}.Release|ARM64.Build.0 = Release|ARM64
		{3BE77C82-6E76-4F87-B49D-9634F9D642A7}.Release|ARM64.Deploy.0 = Release|ARM64
		{3BE77C82-6E76-4F87-B49D-9634F9D642A7}.Release|x64.ActiveCfg = Release|x64
		{3BE77C82-6E76-4F87-B49D-9634F9D642A7}.Release|x64.Build.0 = Release|x64
		{3BE77C82-6E76-4F87-B49D-9634F9D642A7}.Release|x64.Deploy.0 = Release|x64
		{3BE77C82-6E76-4F87-B49D-9634F9D642A7}.Release|x86.ActiveCfg = Release|x86
		{3BE77C82-6E76-4F87-B49D-9634F9D642A7}.Release|x86.Build.0 = Release|x86
		{3BE77C82-6E76-4F87-B49D-9634F9D642A7}.Release|x86.Deploy.0 = Release|x86
	EndGlobalSection
	GlobalSection(SolutionProperties) = preSolution
		HideSolutionNode = FALSE
	EndGlobalSection
	GlobalSection(NestedProjects) = preSolution
		{A0A8D217-F8BE-4981-A5E3-C38B3F104D17} = {90774D20-BD78-40CA-8468-82BBCB032C09}
		{6575D5A4-6F98-4247-90E9-E1120DB02685} = {90774D20-BD78-40CA-8468-82BBCB032C09}
		{712EFD97-6DF1-47D8-BE8E-C5EF8D4CFD77} = {90774D20-BD78-40CA-8468-82BBCB032C09}
		{BC00B169-C3E7-45EA-AD1E-D32E18D47772} = {63D78E45-3043-4AF5-ABA3-A2BCF79ADB47}
	EndGlobalSection
	GlobalSection(ExtensibilityGlobals) = postSolution
		SolutionGuid = {E4C3B6F8-70E1-41A4-8754-771E37806A5C}
	EndGlobalSection
EndGlobal
